
Microsoft Visual Studio Solution File, Format Version 12.00
# Visual Studio Version 17
VisualStudioVersion = 17.2.32630.192
MinimumVisualStudioVersion = 10.0.40219.1
Project("{FAE04EC0-301F-11D3-BF4B-00C04F79EFBC}") = "Tenaris.Fava.Production.Reporting.View", "Tenaris.Fava.Production.Reporting.UI.WPF\Tenaris.Fava.Production.Reporting.View.csproj", "{5A8271F5-C07D-4A32-B66A-316CC556F805}"
EndProject
Project("{FAE04EC0-301F-11D3-BF4B-00C04F79EFBC}") = "Tenaris.Fava.Production.Reporting.Model", "Tenaris.Fava.Production.Reporting.Model\Tenaris.Fava.Production.Reporting.Model.csproj", "{30E8A3D4-452B-4496-858C-5424A2EA0718}"
EndProject
Project("{FAE04EC0-301F-11D3-BF4B-00C04F79EFBC}") = "Tenaris.Fava.Production.Reporting.ViewModel", "Tenaris.Fava.Production.Reporting.ViewModel\Tenaris.Fava.Production.Reporting.ViewModel.csproj", "{425E7122-D66B-4231-9E35-0B7F6E0D5F07}"
EndProject
Global
	GlobalSection(SolutionConfigurationPlatforms) = preSolution
		Debug|Any CPU = Debug|Any CPU
		Release|Any CPU = Release|Any CPU
	EndGlobalSection
	GlobalSection(ProjectConfigurationPlatforms) = postSolution
		{5A8271F5-C07D-4A32-B66A-316CC556F805}.Debug|Any CPU.ActiveCfg = Debug|Any CPU
		{5A8271F5-C07D-4A32-B66A-316CC556F805}.Debug|Any CPU.Build.0 = Debug|Any CPU
		{5A8271F5-C07D-4A32-B66A-316CC556F805}.Release|Any CPU.ActiveCfg = Release|Any CPU
		{5A8271F5-C07D-4A32-B66A-316CC556F805}.Release|Any CPU.Build.0 = Release|Any CPU
		{30E8A3D4-452B-4496-858C-5424A2EA0718}.Debug|Any CPU.ActiveCfg = Debug|Any CPU
		{30E8A3D4-452B-4496-858C-5424A2EA0718}.Debug|Any CPU.Build.0 = Debug|Any CPU
		{30E8A3D4-452B-4496-858C-5424A2EA0718}.Release|Any CPU.ActiveCfg = Release|Any CPU
		{30E8A3D4-452B-4496-858C-5424A2EA0718}.Release|Any CPU.Build.0 = Release|Any CPU
		{425E7122-D66B-4231-9E35-0B7F6E0D5F07}.Debug|Any CPU.ActiveCfg = Debug|Any CPU
		{425E7122-D66B-4231-9E35-0B7F6E0D5F07}.Debug|Any CPU.Build.0 = Debug|Any CPU
		{425E7122-D66B-4231-9E35-0B7F6E0D5F07}.Release|Any CPU.ActiveCfg = Release|Any CPU
		{425E7122-D66B-4231-9E35-0B7F6E0D5F07}.Release|Any CPU.Build.0 = Release|Any CPU
	EndGlobalSection
	GlobalSection(SolutionProperties) = preSolution
		HideSolutionNode = FALSE
	EndGlobalSection
	GlobalSection(ExtensibilityGlobals) = postSolution
		SolutionGuid = {4B7F874D-B693-4214-9E2C-EDB9B1874340}
	EndGlobalSection
EndGlobal
